
Microsoft Visual Studio Solution File, Format Version 12.00
# Visual Studio 15
VisualStudioVersion = 15.0.27130.2036
MinimumVisualStudioVersion = 10.0.40219.1
Project("{9A19103F-16F7-4668-BE54-9A1E7A4F7556}") = "LetsRant", "LetsRant\LetsRant.csproj", "{CF094A97-C883-4F1E-9D9B-3AA283CC7516}"
EndProject
Project("{9A19103F-16F7-4668-BE54-9A1E7A4F7556}") = "LetsRantWeb", "LetsRantWeb\LetsRantWeb.csproj", "{845DE091-C3D1-48B4-AFBF-77C077B2120C}"
EndProject
Project("{FAE04EC0-301F-11D3-BF4B-00C04F79EFBC}") = "RantServices", "RantServices\RantServices.csproj", "{9BDE2F45-51B3-4054-9D4C-0A535AA01FEA}"
EndProject
Global
	GlobalSection(SolutionConfigurationPlatforms) = preSolution
		Debug|Any CPU = Debug|Any CPU
		Release|Any CPU = Release|Any CPU
	EndGlobalSection
	GlobalSection(ProjectConfigurationPlatforms) = postSolution
		{CF094A97-C883-4F1E-9D9B-3AA283CC7516}.Debug|Any CPU.ActiveCfg = Debug|Any CPU
		{CF094A97-C883-4F1E-9D9B-3AA283CC7516}.Debug|Any CPU.Build.0 = Debug|Any CPU
		{CF094A97-C883-4F1E-9D9B-3AA283CC7516}.Release|Any CPU.ActiveCfg = Release|Any CPU
		{CF094A97-C883-4F1E-9D9B-3AA283CC7516}.Release|Any CPU.Build.0 = Release|Any CPU
		{845DE091-C3D1-48B4-AFBF-77C077B2120C}.Debug|Any CPU.ActiveCfg = Debug|Any CPU
		{845DE091-C3D1-48B4-AFBF-77C077B2120C}.Debug|Any CPU.Build.0 = Debug|Any CPU
		{845DE091-C3D1-48B4-AFBF-77C077B2120C}.Release|Any CPU.ActiveCfg = Release|Any CPU
		{845DE091-C3D1-48B4-AFBF-77C077B2120C}.Release|Any CPU.Build.0 = Release|Any CPU
		{9BDE2F45-51B3-4054-9D4C-0A535AA01FEA}.Debug|Any CPU.ActiveCfg = Debug|Any CPU
		{9BDE2F45-51B3-4054-9D4C-0A535AA01FEA}.Debug|Any CPU.Build.0 = Debug|Any CPU
		{9BDE2F45-51B3-4054-9D4C-0A535AA01FEA}.Release|Any CPU.ActiveCfg = Release|Any CPU
		{9BDE2F45-51B3-4054-9D4C-0A535AA01FEA}.Release|Any CPU.Build.0 = Release|Any CPU
	EndGlobalSection
	GlobalSection(SolutionProperties) = preSolution
		HideSolutionNode = FALSE
	EndGlobalSection
	GlobalSection(ExtensibilityGlobals) = postSolution
		SolutionGuid = {C5345D80-F737-40AD-8BDF-963F865FFB90}
	EndGlobalSection
EndGlobal
